
Microsoft Visual Studio Solution File, Format Version 12.00
# Visual Studio 2013
VisualStudioVersion = 12.0.21005.1
MinimumVisualStudioVersion = 10.0.40219.1
Project("{FAE04EC0-301F-11D3-BF4B-00C04F79EFBC}") = "LogCentralizor", "LogCentralizor\LogCentralizor.csproj", "{B6675CFF-A5CE-47D0-B2AA-895007A30B60}"
EndProject
Project("{2150E333-8FDC-42A3-9474-1A3956D46DE8}") = "Solution Items", "Solution Items", "{0584D994-E90E-42A0-B3D7-8869926F1C28}"
	ProjectSection(SolutionItems) = preProject
		LogTable.cs = LogTable.cs
		Row.cs = Row.cs
	EndProjectSection
EndProject
Global
	GlobalSection(SolutionConfigurationPlatforms) = preSolution
		Debug|Any CPU = Debug|Any CPU
		Release|Any CPU = Release|Any CPU
	EndGlobalSection
	GlobalSection(ProjectConfigurationPlatforms) = postSolution
		{B6675CFF-A5CE-47D0-B2AA-895007A30B60}.Debug|Any CPU.ActiveCfg = Debug|Any CPU
		{B6675CFF-A5CE-47D0-B2AA-895007A30B60}.Debug|Any CPU.Build.0 = Debug|Any CPU
		{B6675CFF-A5CE-47D0-B2AA-895007A30B60}.Release|Any CPU.ActiveCfg = Release|Any CPU
		{B6675CFF-A5CE-47D0-B2AA-895007A30B60}.Release|Any CPU.Build.0 = Release|Any CPU
	EndGlobalSection
	GlobalSection(SolutionProperties) = preSolution
		HideSolutionNode = FALSE
	EndGlobalSection
EndGlobal
